
Microsoft Visual Studio Solution File, Format Version 12.00
# Visual Studio Version 17
VisualStudioVersion = 17.9.34723.18
MinimumVisualStudioVersion = 10.0.40219.1
Project("{9A19103F-16F7-4668-BE54-9A1E7A4F7556}") = "FileTransfer.FromSFTPToBlobStorage", "FileTransfer.FromSFTPToBlobStorage\FileTransfer.FromSFTPToBlobStorage.csproj", "{45219089-C8D6-44DD-BA92-A72174AC933A}"
EndProject
Project("{9A19103F-16F7-4668-BE54-9A1E7A4F7556}") = "FileTransfer.Library", "FileTransfer.Library\FileTransfer.Library.csproj", "{B2E93652-3E0C-4AE3-8C37-78DEDB0C1EBA}"
EndProject
Global
	GlobalSection(SolutionConfigurationPlatforms) = preSolution
		Debug|Any CPU = Debug|Any CPU
		Release|Any CPU = Release|Any CPU
	EndGlobalSection
	GlobalSection(ProjectConfigurationPlatforms) = postSolution
		{45219089-C8D6-44DD-BA92-A72174AC933A}.Debug|Any CPU.ActiveCfg = Debug|Any CPU
		{45219089-C8D6-44DD-BA92-A72174AC933A}.Debug|Any CPU.Build.0 = Debug|Any CPU
		{45219089-C8D6-44DD-BA92-A72174AC933A}.Release|Any CPU.ActiveCfg = Release|Any CPU
		{45219089-C8D6-44DD-BA92-A72174AC933A}.Release|Any CPU.Build.0 = Release|Any CPU
		{B2E93652-3E0C-4AE3-8C37-78DEDB0C1EBA}.Debug|Any CPU.ActiveCfg = Debug|Any CPU
		{B2E93652-3E0C-4AE3-8C37-78DEDB0C1EBA}.Debug|Any CPU.Build.0 = Debug|Any CPU
		{B2E93652-3E0C-4AE3-8C37-78DEDB0C1EBA}.Release|Any CPU.ActiveCfg = Release|Any CPU
		{B2E93652-3E0C-4AE3-8C37-78DEDB0C1EBA}.Release|Any CPU.Build.0 = Release|Any CPU
	EndGlobalSection
	GlobalSection(SolutionProperties) = preSolution
		HideSolutionNode = FALSE
	EndGlobalSection
	GlobalSection(ExtensibilityGlobals) = postSolution
		SolutionGuid = {0D1540B6-1925-49B5-AB50-F98F317B8F16}
	EndGlobalSection
EndGlobal
